
Microsoft Visual Studio Solution File, Format Version 12.00
Project("{FAE04EC0-301F-11D3-BF4B-00C04F79EFBC}") = "Clase2.Domain", "Clase2.Domain\Clase2.Domain.csproj", "{0C8FF175-8BE1-4A0C-8F3C-B232CF460B9E}"
EndProject
Project("{FAE04EC0-301F-11D3-BF4B-00C04F79EFBC}") = "Clase2.Application", "Clase2.Application\Clase2.Application.csproj", "{5B6E6EC7-1FC3-4F64-B4D8-728B871ADFC8}"
EndProject
Project("{FAE04EC0-301F-11D3-BF4B-00C04F79EFBC}") = "Clase3.Presentation", "Clase3.Presentation\Clase3.Presentation.csproj", "{75544742-67CE-4AEC-B584-F848B799C617}"
EndProject
Project("{FAE04EC0-301F-11D3-BF4B-00C04F79EFBC}") = "Clase5.Infrastructure", "Clase5.Infrastructure\Clase5.Infrastructure.csproj", "{5A643D42-E838-4322-84C4-F1C21710EE59}"
EndProject
Global
	GlobalSection(SolutionConfigurationPlatforms) = preSolution
		Debug|Any CPU = Debug|Any CPU
		Release|Any CPU = Release|Any CPU
	EndGlobalSection
	GlobalSection(ProjectConfigurationPlatforms) = postSolution
		{0C8FF175-8BE1-4A0C-8F3C-B232CF460B9E}.Debug|Any CPU.ActiveCfg = Debug|Any CPU
		{0C8FF175-8BE1-4A0C-8F3C-B232CF460B9E}.Debug|Any CPU.Build.0 = Debug|Any CPU
		{0C8FF175-8BE1-4A0C-8F3C-B232CF460B9E}.Release|Any CPU.ActiveCfg = Release|Any CPU
		{0C8FF175-8BE1-4A0C-8F3C-B232CF460B9E}.Release|Any CPU.Build.0 = Release|Any CPU
		{5B6E6EC7-1FC3-4F64-B4D8-728B871ADFC8}.Debug|Any CPU.ActiveCfg = Debug|Any CPU
		{5B6E6EC7-1FC3-4F64-B4D8-728B871ADFC8}.Debug|Any CPU.Build.0 = Debug|Any CPU
		{5B6E6EC7-1FC3-4F64-B4D8-728B871ADFC8}.Release|Any CPU.ActiveCfg = Release|Any CPU
		{5B6E6EC7-1FC3-4F64-B4D8-728B871ADFC8}.Release|Any CPU.Build.0 = Release|Any CPU
		{75544742-67CE-4AEC-B584-F848B799C617}.Debug|Any CPU.ActiveCfg = Debug|Any CPU
		{75544742-67CE-4AEC-B584-F848B799C617}.Debug|Any CPU.Build.0 = Debug|Any CPU
		{75544742-67CE-4AEC-B584-F848B799C617}.Release|Any CPU.ActiveCfg = Release|Any CPU
		{75544742-67CE-4AEC-B584-F848B799C617}.Release|Any CPU.Build.0 = Release|Any CPU
		{5A643D42-E838-4322-84C4-F1C21710EE59}.Debug|Any CPU.ActiveCfg = Debug|Any CPU
		{5A643D42-E838-4322-84C4-F1C21710EE59}.Debug|Any CPU.Build.0 = Debug|Any CPU
		{5A643D42-E838-4322-84C4-F1C21710EE59}.Release|Any CPU.ActiveCfg = Release|Any CPU
		{5A643D42-E838-4322-84C4-F1C21710EE59}.Release|Any CPU.Build.0 = Release|Any CPU
	EndGlobalSection
EndGlobal
